# This file is generated by running "yarn install" inside your project.
# Manual changes might be lost - proceed with caution!

__metadata:
  version: 6

"app@workspace:packages/app":
  version: 0.0.0-use.local
  resolution: "app@workspace:packages/app"
  languageName: unknown
  linkType: soft

"bengsfort.dev@workspace:.":
  version: 0.0.0-use.local
  resolution: "bengsfort.dev@workspace:."
  languageName: unknown
  linkType: soft

"esbuild@workspace:tools/esbuild":
  version: 0.0.0-use.local
  resolution: "esbuild@workspace:tools/esbuild"
  languageName: unknown
  linkType: soft

"server@workspace:packages/server":
  version: 0.0.0-use.local
  resolution: "server@workspace:packages/server"
  languageName: unknown
  linkType: soft
